// !$*UTF8*$!
{
	archiveVersion = 1;
	classes = {
	};
	objectVersion = 77;
	objects = {

/* Begin PBXBuildFile section */
		15F0104ABCAA5C19552F90A0 /* BlockerArtifactCompilationTests.swift in Sources */ = {isa = PBXBuildFile; fileRef = 62C7CE7B569D10BF64A7A3AB /* BlockerArtifactCompilationTests.swift */; };
		169F7BFF49BE6DE9B90533A9 /* BrowserModelsTests.swift in Sources */ = {isa = PBXBuildFile; fileRef = AF80B089A63006EECDD15BE6 /* BrowserModelsTests.swift */; };
		1DCD6BED9ADA6D19DCC05D35 /* WebContentProcessRecoveryPolicyTests.swift in Sources */ = {isa = PBXBuildFile; fileRef = E6B74389B45552B83E1C50DB /* WebContentProcessRecoveryPolicyTests.swift */; };
		24A677CBF4E28A6579059128 /* BrowserStore.swift in Sources */ = {isa = PBXBuildFile; fileRef = 29B9EDC551FF7414A627245D /* BrowserStore.swift */; };
		263E67BDCCEFAAC484A2BA8C /* FireballHomeView.swift in Sources */ = {isa = PBXBuildFile; fileRef = 377CC59113B52BCF7F9E7A5A /* FireballHomeView.swift */; };
		2802466098E1C0D6E2551141 /* BrowserRepository.swift in Sources */ = {isa = PBXBuildFile; fileRef = 4A3C8232224408576C4EECE0 /* BrowserRepository.swift */; };
		2E9C0221FD24CAEB95C4FFF8 /* SecureAccess.swift in Sources */ = {isa = PBXBuildFile; fileRef = 9D62930204E950952DAF4090 /* SecureAccess.swift */; };
		408DA25C5477494B5A181AD4 /* LibraryView.swift in Sources */ = {isa = PBXBuildFile; fileRef = 88F5AEEB5C5EB09AB94C3701 /* LibraryView.swift */; };
		430C246A4106083378C94D2A /* SessionRestoration.swift in Sources */ = {isa = PBXBuildFile; fileRef = 2AB166EE2F529765B3C6444F /* SessionRestoration.swift */; };
		46B713CC9F0224DEADBF559C /* BrowserSession.swift in Sources */ = {isa = PBXBuildFile; fileRef = 94F671FB9244D09BEA91E23C /* BrowserSession.swift */; };
		49113F7C2DAB47E62E519B57 /* Assets.xcassets in Resources */ = {isa = PBXBuildFile; fileRef = 4EA70DE1D63F6F35FB6640F7 /* Assets.xcassets */; };
		4C1844AC42B800F426727C16 /* FireballWebKitApp.swift in Sources */ = {isa = PBXBuildFile; fileRef = FE74CDAC9F6FE177810B589D /* FireballWebKitApp.swift */; };
		56A3FAEBEB43DEF1428F946E /* BrowserStoreTests.swift in Sources */ = {isa = PBXBuildFile; fileRef = 70347C01913BFE2E80A210B7 /* BrowserStoreTests.swift */; };
		5BA4AC2768FEC0C10C10E682 /* SessionRestorationTests.swift in Sources */ = {isa = PBXBuildFile; fileRef = CF48755A5524DCB0A481444E /* SessionRestorationTests.swift */; };
		6973E3E1D07D23D52417EF20 /* CoreDataBrowserRepository.swift in Sources */ = {isa = PBXBuildFile; fileRef = DBCACB5711CA36FE02C6DABF /* CoreDataBrowserRepository.swift */; };
		7DD9196659AD616811509190 /* URLPolicyTests.swift in Sources */ = {isa = PBXBuildFile; fileRef = B66A5F8DE7B648BCB71240E1 /* URLPolicyTests.swift */; };
		7F4D4E67FFA27BE9D54F719E /* BrowserShellView.swift in Sources */ = {isa = PBXBuildFile; fileRef = 98B45283F3A782EFECC640A2 /* BrowserShellView.swift */; };
		88F65EC08FA503A9D6C5D166 /* BrowserPersistenceTests.swift in Sources */ = {isa = PBXBuildFile; fileRef = 4AF4B429BE19B7608C43A4D1 /* BrowserPersistenceTests.swift */; };
		90F2FD3BE627ED4E9B7C8125 /* FireballTheme.swift in Sources */ = {isa = PBXBuildFile; fileRef = 7B1B86BB75BBD6D99CF2BF71 /* FireballTheme.swift */; };
		9648218FC41AF815AB5AD44D /* SettingsView.swift in Sources */ = {isa = PBXBuildFile; fileRef = 94A9A65719BE645A4097D5F6 /* SettingsView.swift */; };
		96B5CE3A6C79E704DF1E6517 /* ContentRuleService.swift in Sources */ = {isa = PBXBuildFile; fileRef = D9E02479F82BA39BA800513B /* ContentRuleService.swift */; };
		9787C7F0AA0E096354C83C8C /* BlockerExternalManifestTests.swift in Sources */ = {isa = PBXBuildFile; fileRef = 3271EDD39434DD4EFBB50667 /* BlockerExternalManifestTests.swift */; };
		9A9FB2281BDAA8A890E48B19 /* WebsiteDataStoreRegistry.swift in Sources */ = {isa = PBXBuildFile; fileRef = 2A5E2BEA98AE2D8FC43CF5F8 /* WebsiteDataStoreRegistry.swift */; };
		9ED9E5EAF1F029BA484C7C0F /* BrowserCommands.swift in Sources */ = {isa = PBXBuildFile; fileRef = F7D5F8899ACA39B2F5DFA1C8 /* BrowserCommands.swift */; };
		A1B17228A845B7CEF4B3A853 /* BrowserSmokeUITests.swift in Sources */ = {isa = PBXBuildFile; fileRef = 3C48E7703389C2914A670B29 /* BrowserSmokeUITests.swift */; };
		AD62D215C25B265F011A4EFE /* SecureAccessTests.swift in Sources */ = {isa = PBXBuildFile; fileRef = 49EB57AB05C169E8ACD4FADF /* SecureAccessTests.swift */; };
		B0308FD0EADE4E5783CC64BC /* content-rules.json in Resources */ = {isa = PBXBuildFile; fileRef = D8855AA879B1A32E6F888309 /* content-rules.json */; };
		B090780674F9D52898DD4CA2 /* BlockerManifestTests.swift in Sources */ = {isa = PBXBuildFile; fileRef = AD4ED612CD108D749704BEF8 /* BlockerManifestTests.swift */; };
		BB8592EC064FD7129DFF3BC4 /* WebContentProcessRecoveryPolicy.swift in Sources */ = {isa = PBXBuildFile; fileRef = 1FB9686055E9AE78B4D14E9A /* WebContentProcessRecoveryPolicy.swift */; };
		BC704C8C0D5C04640EE911E6 /* BrowserWebView.swift in Sources */ = {isa = PBXBuildFile; fileRef = 9E0F9A5458C5532BFA5B6E15 /* BrowserWebView.swift */; };
		C4688DA7D6DE0585BA28667A /* PrivacyInfo.xcprivacy in Resources */ = {isa = PBXBuildFile; fileRef = DECF2131722969E5B34FD3AE /* PrivacyInfo.xcprivacy */; };
		C598298951E35131CA45BDCB /* URLPolicy.swift in Sources */ = {isa = PBXBuildFile; fileRef = 70EA57F679D5912165B9E40B /* URLPolicy.swift */; };
		E63C9E6F0243F3EC1952002D /* blocker-public-key.txt in Resources */ = {isa = PBXBuildFile; fileRef = DEA39450276A694055C5FC46 /* blocker-public-key.txt */; };
		EB455CFE7B24315113B23D5A /* TabGridView.swift in Sources */ = {isa = PBXBuildFile; fileRef = 78074B27C0E2AB8C669DDDE7 /* TabGridView.swift */; };
		F22E441E6EE52D9B61B12A08 /* BrowserModels.swift in Sources */ = {isa = PBXBuildFile; fileRef = 777F0A9BD7AAFD0B218BB010 /* BrowserModels.swift */; };
/* End PBXBuildFile section */

/* Begin PBXContainerItemProxy section */
		39F6FBFE03884C7C1EAE61C4 /* PBXContainerItemProxy */ = {
			isa = PBXContainerItemProxy;
			containerPortal = E6D4126143DEEE33695A9A31 /* Project object */;
			proxyType = 1;
			remoteGlobalIDString = CBF015BC6DDA369BB5C2ABCB;
			remoteInfo = FireballWebKit;
		};
		A8655D721418F2CBAD379B76 /* PBXContainerItemProxy */ = {
			isa = PBXContainerItemProxy;
			containerPortal = E6D4126143DEEE33695A9A31 /* Project object */;
			proxyType = 1;
			remoteGlobalIDString = CBF015BC6DDA369BB5C2ABCB;
			remoteInfo = FireballWebKit;
		};
/* End PBXContainerItemProxy section */

/* Begin PBXFileReference section */
		1FB9686055E9AE78B4D14E9A /* WebContentProcessRecoveryPolicy.swift */ = {isa = PBXFileReference; lastKnownFileType = sourcecode.swift; path = WebContentProcessRecoveryPolicy.swift; sourceTree = "<group>"; };
		29B9EDC551FF7414A627245D /* BrowserStore.swift */ = {isa = PBXFileReference; lastKnownFileType = sourcecode.swift; path = BrowserStore.swift; sourceTree = "<group>"; };
		2A5E2BEA98AE2D8FC43CF5F8 /* WebsiteDataStoreRegistry.swift */ = {isa = PBXFileReference; lastKnownFileType = sourcecode.swift; path = WebsiteDataStoreRegistry.swift; sourceTree = "<group>"; };
		2AB166EE2F529765B3C6444F /* SessionRestoration.swift */ = {isa = PBXFileReference; lastKnownFileType = sourcecode.swift; path = SessionRestoration.swift; sourceTree = "<group>"; };
		309E3660F5F2396766CCD8C3 /* FireballWebKit.app */ = {isa = PBXFileReference; includeInIndex = 0; lastKnownFileType = wrapper.application; path = FireballWebKit.app; sourceTree = BUILT_PRODUCTS_DIR; };
		3271EDD39434DD4EFBB50667 /* BlockerExternalManifestTests.swift */ = {isa = PBXFileReference; lastKnownFileType = sourcecode.swift; path = BlockerExternalManifestTests.swift; sourceTree = "<group>"; };
		377CC59113B52BCF7F9E7A5A /* FireballHomeView.swift */ = {isa = PBXFileReference; lastKnownFileType = sourcecode.swift; path = FireballHomeView.swift; sourceTree = "<group>"; };
		3C48E7703389C2914A670B29 /* BrowserSmokeUITests.swift */ = {isa = PBXFileReference; lastKnownFileType = sourcecode.swift; path = BrowserSmokeUITests.swift; sourceTree = "<group>"; };
		49EB57AB05C169E8ACD4FADF /* SecureAccessTests.swift */ = {isa = PBXFileReference; lastKnownFileType = sourcecode.swift; path = SecureAccessTests.swift; sourceTree = "<group>"; };
		4A3C8232224408576C4EECE0 /* BrowserRepository.swift */ = {isa = PBXFileReference; lastKnownFileType = sourcecode.swift; path = BrowserRepository.swift; sourceTree = "<group>"; };
		4AF4B429BE19B7608C43A4D1 /* BrowserPersistenceTests.swift */ = {isa = PBXFileReference; lastKnownFileType = sourcecode.swift; path = BrowserPersistenceTests.swift; sourceTree = "<group>"; };
		4EA70DE1D63F6F35FB6640F7 /* Assets.xcassets */ = {isa = PBXFileReference; lastKnownFileType = folder.assetcatalog; path = Assets.xcassets; sourceTree = "<group>"; };
		62C7CE7B569D10BF64A7A3AB /* BlockerArtifactCompilationTests.swift */ = {isa = PBXFileReference; lastKnownFileType = sourcecode.swift; path = BlockerArtifactCompilationTests.swift; sourceTree = "<group>"; };
		70347C01913BFE2E80A210B7 /* BrowserStoreTests.swift */ = {isa = PBXFileReference; lastKnownFileType = sourcecode.swift; path = BrowserStoreTests.swift; sourceTree = "<group>"; };
		70EA57F679D5912165B9E40B /* URLPolicy.swift */ = {isa = PBXFileReference; lastKnownFileType = sourcecode.swift; path = URLPolicy.swift; sourceTree = "<group>"; };
		777F0A9BD7AAFD0B218BB010 /* BrowserModels.swift */ = {isa = PBXFileReference; lastKnownFileType = sourcecode.swift; path = BrowserModels.swift; sourceTree = "<group>"; };
		78074B27C0E2AB8C669DDDE7 /* TabGridView.swift */ = {isa = PBXFileReference; lastKnownFileType = sourcecode.swift; path = TabGridView.swift; sourceTree = "<group>"; };
		7B1B86BB75BBD6D99CF2BF71 /* FireballTheme.swift */ = {isa = PBXFileReference; lastKnownFileType = sourcecode.swift; path = FireballTheme.swift; sourceTree = "<group>"; };
		88F5AEEB5C5EB09AB94C3701 /* LibraryView.swift */ = {isa = PBXFileReference; lastKnownFileType = sourcecode.swift; path = LibraryView.swift; sourceTree = "<group>"; };
		94A9A65719BE645A4097D5F6 /* SettingsView.swift */ = {isa = PBXFileReference; lastKnownFileType = sourcecode.swift; path = SettingsView.swift; sourceTree = "<group>"; };
		94F671FB9244D09BEA91E23C /* BrowserSession.swift */ = {isa = PBXFileReference; lastKnownFileType = sourcecode.swift; path = BrowserSession.swift; sourceTree = "<group>"; };
		98B45283F3A782EFECC640A2 /* BrowserShellView.swift */ = {isa = PBXFileReference; lastKnownFileType = sourcecode.swift; path = BrowserShellView.swift; sourceTree = "<group>"; };
		9D62930204E950952DAF4090 /* SecureAccess.swift */ = {isa = PBXFileReference; lastKnownFileType = sourcecode.swift; path = SecureAccess.swift; sourceTree = "<group>"; };
		9E0F9A5458C5532BFA5B6E15 /* BrowserWebView.swift */ = {isa = PBXFileReference; lastKnownFileType = sourcecode.swift; path = BrowserWebView.swift; sourceTree = "<group>"; };
		A56D4568D3C3FE9061F6ABF1 /* FireballWebKitUITests.xctest */ = {isa = PBXFileReference; includeInIndex = 0; lastKnownFileType = wrapper.cfbundle; path = FireballWebKitUITests.xctest; sourceTree = BUILT_PRODUCTS_DIR; };
		AD4ED612CD108D749704BEF8 /* BlockerManifestTests.swift */ = {isa = PBXFileReference; lastKnownFileType = sourcecode.swift; path = BlockerManifestTests.swift; sourceTree = "<group>"; };
		AF80B089A63006EECDD15BE6 /* BrowserModelsTests.swift */ = {isa = PBXFileReference; lastKnownFileType = sourcecode.swift; path = BrowserModelsTests.swift; sourceTree = "<group>"; };
		B66A5F8DE7B648BCB71240E1 /* URLPolicyTests.swift */ = {isa = PBXFileReference; lastKnownFileType = sourcecode.swift; path = URLPolicyTests.swift; sourceTree = "<group>"; };
		CF48755A5524DCB0A481444E /* SessionRestorationTests.swift */ = {isa = PBXFileReference; lastKnownFileType = sourcecode.swift; path = SessionRestorationTests.swift; sourceTree = "<group>"; };
		D28FA949EF89BFE2AF1A8DA6 /* FireballWebKitTests.xctest */ = {isa = PBXFileReference; includeInIndex = 0; lastKnownFileType = wrapper.cfbundle; path = FireballWebKitTests.xctest; sourceTree = BUILT_PRODUCTS_DIR; };
		D8855AA879B1A32E6F888309 /* content-rules.json */ = {isa = PBXFileReference; lastKnownFileType = text.json; path = "content-rules.json"; sourceTree = "<group>"; };
		D9E02479F82BA39BA800513B /* ContentRuleService.swift */ = {isa = PBXFileReference; lastKnownFileType = sourcecode.swift; path = ContentRuleService.swift; sourceTree = "<group>"; };
		DBCACB5711CA36FE02C6DABF /* CoreDataBrowserRepository.swift */ = {isa = PBXFileReference; lastKnownFileType = sourcecode.swift; path = CoreDataBrowserRepository.swift; sourceTree = "<group>"; };
		DEA39450276A694055C5FC46 /* blocker-public-key.txt */ = {isa = PBXFileReference; lastKnownFileType = text; path = "blocker-public-key.txt"; sourceTree = "<group>"; };
		DECF2131722969E5B34FD3AE /* PrivacyInfo.xcprivacy */ = {isa = PBXFileReference; path = PrivacyInfo.xcprivacy; sourceTree = "<group>"; };
		E6B74389B45552B83E1C50DB /* WebContentProcessRecoveryPolicyTests.swift */ = {isa = PBXFileReference; lastKnownFileType = sourcecode.swift; path = WebContentProcessRecoveryPolicyTests.swift; sourceTree = "<group>"; };
		F7D5F8899ACA39B2F5DFA1C8 /* BrowserCommands.swift */ = {isa = PBXFileReference; lastKnownFileType = sourcecode.swift; path = BrowserCommands.swift; sourceTree = "<group>"; };
		FE74CDAC9F6FE177810B589D /* FireballWebKitApp.swift */ = {isa = PBXFileReference; lastKnownFileType = sourcecode.swift; path = FireballWebKitApp.swift; sourceTree = "<group>"; };
/* End PBXFileReference section */

/* Begin PBXGroup section */
		1275B00E5FD2590594AED25B /* Security */ = {
			isa = PBXGroup;
			children = (
				9D62930204E950952DAF4090 /* SecureAccess.swift */,
			);
			path = Security;
			sourceTree = "<group>";
		};
		23FB07165D56B6B986CEC79E /* Sources */ = {
			isa = PBXGroup;
			children = (
				A4306393450868C3B3BD8ECE /* Browser */,
				8AB16AD83CE5A2579B3747A4 /* Domain */,
				E7C2D4FD5213C5A6CDA2FE5D /* Persistence */,
				1275B00E5FD2590594AED25B /* Security */,
			);
			path = Sources;
			sourceTree = "<group>";
		};
		4315FEB3EF7C883099D945C6 /* UITests */ = {
			isa = PBXGroup;
			children = (
				3C48E7703389C2914A670B29 /* BrowserSmokeUITests.swift */,
			);
			path = UITests;
			sourceTree = "<group>";
		};
		667A5FB130C4BF057FA1F799 /* Resources */ = {
			isa = PBXGroup;
			children = (
				4EA70DE1D63F6F35FB6640F7 /* Assets.xcassets */,
				DEA39450276A694055C5FC46 /* blocker-public-key.txt */,
				D8855AA879B1A32E6F888309 /* content-rules.json */,
				DECF2131722969E5B34FD3AE /* PrivacyInfo.xcprivacy */,
			);
			path = Resources;
			sourceTree = "<group>";
		};
		8AB16AD83CE5A2579B3747A4 /* Domain */ = {
			isa = PBXGroup;
			children = (
				777F0A9BD7AAFD0B218BB010 /* BrowserModels.swift */,
				2AB166EE2F529765B3C6444F /* SessionRestoration.swift */,
				70EA57F679D5912165B9E40B /* URLPolicy.swift */,
			);
			path = Domain;
			sourceTree = "<group>";
		};
		993D04D8AEE0FF055DE48CD7 /* Products */ = {
			isa = PBXGroup;
			children = (
				309E3660F5F2396766CCD8C3 /* FireballWebKit.app */,
				D28FA949EF89BFE2AF1A8DA6 /* FireballWebKitTests.xctest */,
				A56D4568D3C3FE9061F6ABF1 /* FireballWebKitUITests.xctest */,
			);
			name = Products;
			sourceTree = "<group>";
		};
		A4306393450868C3B3BD8ECE /* Browser */ = {
			isa = PBXGroup;
			children = (
				94F671FB9244D09BEA91E23C /* BrowserSession.swift */,
				29B9EDC551FF7414A627245D /* BrowserStore.swift */,
				9E0F9A5458C5532BFA5B6E15 /* BrowserWebView.swift */,
				D9E02479F82BA39BA800513B /* ContentRuleService.swift */,
				1FB9686055E9AE78B4D14E9A /* WebContentProcessRecoveryPolicy.swift */,
				2A5E2BEA98AE2D8FC43CF5F8 /* WebsiteDataStoreRegistry.swift */,
			);
			path = Browser;
			sourceTree = "<group>";
		};
		BC79534829EF57965EB49EB2 = {
			isa = PBXGroup;
			children = (
				F6B4CED4E6A0D915B7FD412B /* App */,
				667A5FB130C4BF057FA1F799 /* Resources */,
				23FB07165D56B6B986CEC79E /* Sources */,
				CB9FC8DD9FB498C9902B177E /* Tests */,
				4315FEB3EF7C883099D945C6 /* UITests */,
				993D04D8AEE0FF055DE48CD7 /* Products */,
			);
			sourceTree = "<group>";
		};
		CB9FC8DD9FB498C9902B177E /* Tests */ = {
			isa = PBXGroup;
			children = (
				62C7CE7B569D10BF64A7A3AB /* BlockerArtifactCompilationTests.swift */,
				3271EDD39434DD4EFBB50667 /* BlockerExternalManifestTests.swift */,
				AD4ED612CD108D749704BEF8 /* BlockerManifestTests.swift */,
				AF80B089A63006EECDD15BE6 /* BrowserModelsTests.swift */,
				4AF4B429BE19B7608C43A4D1 /* BrowserPersistenceTests.swift */,
				70347C01913BFE2E80A210B7 /* BrowserStoreTests.swift */,
				49EB57AB05C169E8ACD4FADF /* SecureAccessTests.swift */,
				CF48755A5524DCB0A481444E /* SessionRestorationTests.swift */,
				B66A5F8DE7B648BCB71240E1 /* URLPolicyTests.swift */,
				E6B74389B45552B83E1C50DB /* WebContentProcessRecoveryPolicyTests.swift */,
			);
			path = Tests;
			sourceTree = "<group>";
		};
		E7C2D4FD5213C5A6CDA2FE5D /* Persistence */ = {
			isa = PBXGroup;
			children = (
				4A3C8232224408576C4EECE0 /* BrowserRepository.swift */,
				DBCACB5711CA36FE02C6DABF /* CoreDataBrowserRepository.swift */,
			);
			path = Persistence;
			sourceTree = "<group>";
		};
		F6B4CED4E6A0D915B7FD412B /* App */ = {
			isa = PBXGroup;
			children = (
				F7D5F8899ACA39B2F5DFA1C8 /* BrowserCommands.swift */,
				98B45283F3A782EFECC640A2 /* BrowserShellView.swift */,
				377CC59113B52BCF7F9E7A5A /* FireballHomeView.swift */,
				7B1B86BB75BBD6D99CF2BF71 /* FireballTheme.swift */,
				FE74CDAC9F6FE177810B589D /* FireballWebKitApp.swift */,
				88F5AEEB5C5EB09AB94C3701 /* LibraryView.swift */,
				94A9A65719BE645A4097D5F6 /* SettingsView.swift */,
				78074B27C0E2AB8C669DDDE7 /* TabGridView.swift */,
			);
			path = App;
			sourceTree = "<group>";
		};
/* End PBXGroup section */

/* Begin PBXNativeTarget section */
		07E4BE1B6EDAC5DD89D59B08 /* FireballWebKitTests */ = {
			isa = PBXNativeTarget;
			buildConfigurationList = E078A9E8F649C5A36E17EC4B /* Build configuration list for PBXNativeTarget "FireballWebKitTests" */;
			buildPhases = (
				579A53A9B97237006EA5879A /* Sources */,
			);
			buildRules = (
			);
			dependencies = (
				A54F7C8F5421E568B026C423 /* PBXTargetDependency */,
			);
			name = FireballWebKitTests;
			packageProductDependencies = (
			);
			productName = FireballWebKitTests;
			productReference = D28FA949EF89BFE2AF1A8DA6 /* FireballWebKitTests.xctest */;
			productType = "com.apple.product-type.bundle.unit-test";
		};
		A8CD8EB302831C01369DE20B /* FireballWebKitUITests */ = {
			isa = PBXNativeTarget;
			buildConfigurationList = 680423BEC53FB843EBAB1C41 /* Build configuration list for PBXNativeTarget "FireballWebKitUITests" */;
			buildPhases = (
				38BCE9396E6AE5FD19C95CF5 /* Sources */,
			);
			buildRules = (
			);
			dependencies = (
				4EC3891BCDC3851E14F3FD99 /* PBXTargetDependency */,
			);
			name = FireballWebKitUITests;
			packageProductDependencies = (
			);
			productName = FireballWebKitUITests;
			productReference = A56D4568D3C3FE9061F6ABF1 /* FireballWebKitUITests.xctest */;
			productType = "com.apple.product-type.bundle.ui-testing";
		};
		CBF015BC6DDA369BB5C2ABCB /* FireballWebKit */ = {
			isa = PBXNativeTarget;
			buildConfigurationList = 2D795F120D2C454F31019E22 /* Build configuration list for PBXNativeTarget "FireballWebKit" */;
			buildPhases = (
				E43B31886E80427F309CC046 /* Sources */,
				388FF1CBAC494483DCA3C23E /* Resources */,
			);
			buildRules = (
			);
			dependencies = (
			);
			name = FireballWebKit;
			packageProductDependencies = (
			);
			productName = FireballWebKit;
			productReference = 309E3660F5F2396766CCD8C3 /* FireballWebKit.app */;
			productType = "com.apple.product-type.application";
		};
/* End PBXNativeTarget section */

/* Begin PBXProject section */
		E6D4126143DEEE33695A9A31 /* Project object */ = {
			isa = PBXProject;
			attributes = {
				BuildIndependentTargetsInParallel = YES;
				LastUpgradeCheck = 1430;
				TargetAttributes = {
					A8CD8EB302831C01369DE20B = {
						TestTargetID = CBF015BC6DDA369BB5C2ABCB;
					};
				};
			};
			buildConfigurationList = 0AE7E111294791C9FF6E070E /* Build configuration list for PBXProject "FireballWebKit" */;
			developmentRegion = en;
			hasScannedForEncodings = 0;
			knownRegions = (
				Base,
				en,
			);
			mainGroup = BC79534829EF57965EB49EB2;
			minimizedProjectReferenceProxies = 1;
			preferredProjectObjectVersion = 77;
			productRefGroup = 993D04D8AEE0FF055DE48CD7 /* Products */;
			projectDirPath = "";
			projectRoot = "";
			targets = (
				CBF015BC6DDA369BB5C2ABCB /* FireballWebKit */,
				07E4BE1B6EDAC5DD89D59B08 /* FireballWebKitTests */,
				A8CD8EB302831C01369DE20B /* FireballWebKitUITests */,
			);
		};
/* End PBXProject section */

/* Begin PBXResourcesBuildPhase section */
		388FF1CBAC494483DCA3C23E /* Resources */ = {
			isa = PBXResourcesBuildPhase;
			buildActionMask = 2147483647;
			files = (
				49113F7C2DAB47E62E519B57 /* Assets.xcassets in Resources */,
				C4688DA7D6DE0585BA28667A /* PrivacyInfo.xcprivacy in Resources */,
				E63C9E6F0243F3EC1952002D /* blocker-public-key.txt in Resources */,
				B0308FD0EADE4E5783CC64BC /* content-rules.json in Resources */,
			);
			runOnlyForDeploymentPostprocessing = 0;
		};
/* End PBXResourcesBuildPhase section */

/* Begin PBXSourcesBuildPhase section */
		38BCE9396E6AE5FD19C95CF5 /* Sources */ = {
			isa = PBXSourcesBuildPhase;
			buildActionMask = 2147483647;
			files = (
				A1B17228A845B7CEF4B3A853 /* BrowserSmokeUITests.swift in Sources */,
			);
			runOnlyForDeploymentPostprocessing = 0;
		};
		579A53A9B97237006EA5879A /* Sources */ = {
			isa = PBXSourcesBuildPhase;
			buildActionMask = 2147483647;
			files = (
				15F0104ABCAA5C19552F90A0 /* BlockerArtifactCompilationTests.swift in Sources */,
				9787C7F0AA0E096354C83C8C /* BlockerExternalManifestTests.swift in Sources */,
				B090780674F9D52898DD4CA2 /* BlockerManifestTests.swift in Sources */,
				169F7BFF49BE6DE9B90533A9 /* BrowserModelsTests.swift in Sources */,
				88F65EC08FA503A9D6C5D166 /* BrowserPersistenceTests.swift in Sources */,
				56A3FAEBEB43DEF1428F946E /* BrowserStoreTests.swift in Sources */,
				AD62D215C25B265F011A4EFE /* SecureAccessTests.swift in Sources */,
				5BA4AC2768FEC0C10C10E682 /* SessionRestorationTests.swift in Sources */,
				7DD9196659AD616811509190 /* URLPolicyTests.swift in Sources */,
				1DCD6BED9ADA6D19DCC05D35 /* WebContentProcessRecoveryPolicyTests.swift in Sources */,
			);
			runOnlyForDeploymentPostprocessing = 0;
		};
		E43B31886E80427F309CC046 /* Sources */ = {
			isa = PBXSourcesBuildPhase;
			buildActionMask = 2147483647;
			files = (
				9ED9E5EAF1F029BA484C7C0F /* BrowserCommands.swift in Sources */,
				F22E441E6EE52D9B61B12A08 /* BrowserModels.swift in Sources */,
				2802466098E1C0D6E2551141 /* BrowserRepository.swift in Sources */,
				46B713CC9F0224DEADBF559C /* BrowserSession.swift in Sources */,
				7F4D4E67FFA27BE9D54F719E /* BrowserShellView.swift in Sources */,
				24A677CBF4E28A6579059128 /* BrowserStore.swift in Sources */,
				BC704C8C0D5C04640EE911E6 /* BrowserWebView.swift in Sources */,
				96B5CE3A6C79E704DF1E6517 /* ContentRuleService.swift in Sources */,
				6973E3E1D07D23D52417EF20 /* CoreDataBrowserRepository.swift in Sources */,
				263E67BDCCEFAAC484A2BA8C /* FireballHomeView.swift in Sources */,
				90F2FD3BE627ED4E9B7C8125 /* FireballTheme.swift in Sources */,
				4C1844AC42B800F426727C16 /* FireballWebKitApp.swift in Sources */,
				408DA25C5477494B5A181AD4 /* LibraryView.swift in Sources */,
				2E9C0221FD24CAEB95C4FFF8 /* SecureAccess.swift in Sources */,
				430C246A4106083378C94D2A /* SessionRestoration.swift in Sources */,
				9648218FC41AF815AB5AD44D /* SettingsView.swift in Sources */,
				EB455CFE7B24315113B23D5A /* TabGridView.swift in Sources */,
				C598298951E35131CA45BDCB /* URLPolicy.swift in Sources */,
				BB8592EC064FD7129DFF3BC4 /* WebContentProcessRecoveryPolicy.swift in Sources */,
				9A9FB2281BDAA8A890E48B19 /* WebsiteDataStoreRegistry.swift in Sources */,
			);
			runOnlyForDeploymentPostprocessing = 0;
		};
/* End PBXSourcesBuildPhase section */

/* Begin PBXTargetDependency section */
		4EC3891BCDC3851E14F3FD99 /* PBXTargetDependency */ = {
			isa = PBXTargetDependency;
			target = CBF015BC6DDA369BB5C2ABCB /* FireballWebKit */;
			targetProxy = 39F6FBFE03884C7C1EAE61C4 /* PBXContainerItemProxy */;
		};
		A54F7C8F5421E568B026C423 /* PBXTargetDependency */ = {
			isa = PBXTargetDependency;
			target = CBF015BC6DDA369BB5C2ABCB /* FireballWebKit */;
			targetProxy = A8655D721418F2CBAD379B76 /* PBXContainerItemProxy */;
		};
/* End PBXTargetDependency section */

/* Begin XCBuildConfiguration section */
		636917667486A4A8F8081524 /* Release */ = {
			isa = XCBuildConfiguration;
			buildSettings = {
				BUNDLE_LOADER = "$(TEST_HOST)";
				CODE_SIGNING_ALLOWED = NO;
				GENERATE_INFOPLIST_FILE = YES;
				LD_RUNPATH_SEARCH_PATHS = (
					"$(inherited)",
					"@executable_path/Frameworks",
					"@loader_path/Frameworks",
				);
				PRODUCT_BUNDLE_IDENTIFIER = com.fireball.browser.uitests;
				SDKROOT = iphoneos;
				TARGETED_DEVICE_FAMILY = "1,2";
				TEST_TARGET_NAME = FireballWebKit;
			};
			name = Release;
		};
		67826182D9380284AA98BFCE /* Debug */ = {
			isa = XCBuildConfiguration;
			buildSettings = {
				ALWAYS_SEARCH_USER_PATHS = NO;
				CLANG_ANALYZER_NONNULL = YES;
				CLANG_ANALYZER_NUMBER_OBJECT_CONVERSION = YES_AGGRESSIVE;
				CLANG_CXX_LANGUAGE_STANDARD = "gnu++14";
				CLANG_CXX_LIBRARY = "libc++";
				CLANG_ENABLE_MODULES = YES;
				CLANG_ENABLE_OBJC_ARC = YES;
				CLANG_ENABLE_OBJC_WEAK = YES;
				CLANG_WARN_BLOCK_CAPTURE_AUTORELEASING = YES;
				CLANG_WARN_BOOL_CONVERSION = YES;
				CLANG_WARN_COMMA = YES;
				CLANG_WARN_CONSTANT_CONVERSION = YES;
				CLANG_WARN_DEPRECATED_OBJC_IMPLEMENTATIONS = YES;
				CLANG_WARN_DIRECT_OBJC_ISA_USAGE = YES_ERROR;
				CLANG_WARN_DOCUMENTATION_COMMENTS = YES;
				CLANG_WARN_EMPTY_BODY = YES;
				CLANG_WARN_ENUM_CONVERSION = YES;
				CLANG_WARN_INFINITE_RECURSION = YES;
				CLANG_WARN_INT_CONVERSION = YES;
				CLANG_WARN_NON_LITERAL_NULL_CONVERSION = YES;
				CLANG_WARN_OBJC_IMPLICIT_RETAIN_SELF = YES;
				CLANG_WARN_OBJC_LITERAL_CONVERSION = YES;
				CLANG_WARN_OBJC_ROOT_CLASS = YES_ERROR;
				CLANG_WARN_QUOTED_INCLUDE_IN_FRAMEWORK_HEADER = YES;
				CLANG_WARN_RANGE_LOOP_ANALYSIS = YES;
				CLANG_WARN_STRICT_PROTOTYPES = YES;
				CLANG_WARN_SUSPICIOUS_MOVE = YES;
				CLANG_WARN_UNGUARDED_AVAILABILITY = YES_AGGRESSIVE;
				CLANG_WARN_UNREACHABLE_CODE = YES;
				CLANG_WARN__DUPLICATE_METHOD_MATCH = YES;
				COPY_PHASE_STRIP = NO;
				DEBUG_INFORMATION_FORMAT = dwarf;
				ENABLE_STRICT_OBJC_MSGSEND = YES;
				ENABLE_TESTABILITY = YES;
				ENABLE_USER_SCRIPT_SANDBOXING = YES;
				GCC_C_LANGUAGE_STANDARD = gnu11;
				GCC_DYNAMIC_NO_PIC = NO;
				GCC_NO_COMMON_BLOCKS = YES;
				GCC_OPTIMIZATION_LEVEL = 0;
				GCC_PREPROCESSOR_DEFINITIONS = (
					"$(inherited)",
					"DEBUG=1",
				);
				GCC_WARN_64_TO_32_BIT_CONVERSION = YES;
				GCC_WARN_ABOUT_RETURN_TYPE = YES_ERROR;
				GCC_WARN_UNDECLARED_SELECTOR = YES;
				GCC_WARN_UNINITIALIZED_AUTOS = YES_AGGRESSIVE;
				GCC_WARN_UNUSED_FUNCTION = YES;
				GCC_WARN_UNUSED_VARIABLE = YES;
				IPHONEOS_DEPLOYMENT_TARGET = 18.0;
				MTL_ENABLE_DEBUG_INFO = INCLUDE_SOURCE;
				MTL_FAST_MATH = YES;
				ONLY_ACTIVE_ARCH = YES;
				PRODUCT_NAME = "$(TARGET_NAME)";
				SDKROOT = iphoneos;
				SWIFT_ACTIVE_COMPILATION_CONDITIONS = DEBUG;
				SWIFT_OPTIMIZATION_LEVEL = "-Onone";
				SWIFT_STRICT_CONCURRENCY = targeted;
				SWIFT_VERSION = 6.0;
			};
			name = Debug;
		};
		68301AE7159DB5E77D3D0BCD /* Debug */ = {
			isa = XCBuildConfiguration;
			buildSettings = {
				BUNDLE_LOADER = "$(TEST_HOST)";
				CODE_SIGNING_ALLOWED = NO;
				GENERATE_INFOPLIST_FILE = YES;
				LD_RUNPATH_SEARCH_PATHS = (
					"$(inherited)",
					"@executable_path/Frameworks",
					"@loader_path/Frameworks",
				);
				PRODUCT_BUNDLE_IDENTIFIER = com.fireball.browser.tests;
				SDKROOT = iphoneos;
				TARGETED_DEVICE_FAMILY = "1,2";
				TEST_HOST = "$(BUILT_PRODUCTS_DIR)/FireballWebKit.app/FireballWebKit";
			};
			name = Debug;
		};
		874FFB24FCA6BD1B6B7F7CD2 /* Debug */ = {
			isa = XCBuildConfiguration;
			buildSettings = {
				ASSETCATALOG_COMPILER_APPICON_NAME = AppIcon;
				CODE_SIGNING_ALLOWED = NO;
				CODE_SIGN_ENTITLEMENTS = Config/FireballDebug.entitlements;
				CODE_SIGN_IDENTITY = "iPhone Developer";
				CURRENT_PROJECT_VERSION = 1;
				FIREBALL_BLOCKER_MANIFEST_URL = "https://lamppkk.github.io/fireball-webkit/blocker/manifest-v1.json";
				FIREBALL_BLOCKER_UPDATES_ENABLED = NO;
				FIREBALL_CLOUDKIT_ENABLED = NO;
				GENERATE_INFOPLIST_FILE = NO;
				INFOPLIST_FILE = Config/Info.plist;
				LD_RUNPATH_SEARCH_PATHS = (
					"$(inherited)",
					"@executable_path/Frameworks",
				);
				MARKETING_VERSION = 0.1.0;
				PRODUCT_BUNDLE_IDENTIFIER = com.fireball.browser;
				SDKROOT = iphoneos;
				SUPPORTS_MACCATALYST = NO;
				TARGETED_DEVICE_FAMILY = "1,2";
			};
			name = Debug;
		};
		92E5ED757F091FC4D180B0E6 /* Release */ = {
			isa = XCBuildConfiguration;
			buildSettings = {
				ALWAYS_SEARCH_USER_PATHS = NO;
				CLANG_ANALYZER_NONNULL = YES;
				CLANG_ANALYZER_NUMBER_OBJECT_CONVERSION = YES_AGGRESSIVE;
				CLANG_CXX_LANGUAGE_STANDARD = "gnu++14";
				CLANG_CXX_LIBRARY = "libc++";
				CLANG_ENABLE_MODULES = YES;
				CLANG_ENABLE_OBJC_ARC = YES;
				CLANG_ENABLE_OBJC_WEAK = YES;
				CLANG_WARN_BLOCK_CAPTURE_AUTORELEASING = YES;
				CLANG_WARN_BOOL_CONVERSION = YES;
				CLANG_WARN_COMMA = YES;
				CLANG_WARN_CONSTANT_CONVERSION = YES;
				CLANG_WARN_DEPRECATED_OBJC_IMPLEMENTATIONS = YES;
				CLANG_WARN_DIRECT_OBJC_ISA_USAGE = YES_ERROR;
				CLANG_WARN_DOCUMENTATION_COMMENTS = YES;
				CLANG_WARN_EMPTY_BODY = YES;
				CLANG_WARN_ENUM_CONVERSION = YES;
				CLANG_WARN_INFINITE_RECURSION = YES;
				CLANG_WARN_INT_CONVERSION = YES;
				CLANG_WARN_NON_LITERAL_NULL_CONVERSION = YES;
				CLANG_WARN_OBJC_IMPLICIT_RETAIN_SELF = YES;
				CLANG_WARN_OBJC_LITERAL_CONVERSION = YES;
				CLANG_WARN_OBJC_ROOT_CLASS = YES_ERROR;
				CLANG_WARN_QUOTED_INCLUDE_IN_FRAMEWORK_HEADER = YES;
				CLANG_WARN_RANGE_LOOP_ANALYSIS = YES;
				CLANG_WARN_STRICT_PROTOTYPES = YES;
				CLANG_WARN_SUSPICIOUS_MOVE = YES;
				CLANG_WARN_UNGUARDED_AVAILABILITY = YES_AGGRESSIVE;
				CLANG_WARN_UNREACHABLE_CODE = YES;
				CLANG_WARN__DUPLICATE_METHOD_MATCH = YES;
				COPY_PHASE_STRIP = NO;
				DEBUG_INFORMATION_FORMAT = "dwarf-with-dsym";
				ENABLE_NS_ASSERTIONS = NO;
				ENABLE_STRICT_OBJC_MSGSEND = YES;
				ENABLE_USER_SCRIPT_SANDBOXING = YES;
				GCC_C_LANGUAGE_STANDARD = gnu11;
				GCC_NO_COMMON_BLOCKS = YES;
				GCC_WARN_64_TO_32_BIT_CONVERSION = YES;
				GCC_WARN_ABOUT_RETURN_TYPE = YES_ERROR;
				GCC_WARN_UNDECLARED_SELECTOR = YES;
				GCC_WARN_UNINITIALIZED_AUTOS = YES_AGGRESSIVE;
				GCC_WARN_UNUSED_FUNCTION = YES;
				GCC_WARN_UNUSED_VARIABLE = YES;
				IPHONEOS_DEPLOYMENT_TARGET = 18.0;
				MTL_ENABLE_DEBUG_INFO = NO;
				MTL_FAST_MATH = YES;
				PRODUCT_NAME = "$(TARGET_NAME)";
				SDKROOT = iphoneos;
				SWIFT_COMPILATION_MODE = wholemodule;
				SWIFT_OPTIMIZATION_LEVEL = "-O";
				SWIFT_STRICT_CONCURRENCY = targeted;
				SWIFT_VERSION = 6.0;
			};
			name = Release;
		};
		A3BF03D5EC48820660B4A943 /* Debug */ = {
			isa = XCBuildConfiguration;
			buildSettings = {
				BUNDLE_LOADER = "$(TEST_HOST)";
				CODE_SIGNING_ALLOWED = NO;
				GENERATE_INFOPLIST_FILE = YES;
				LD_RUNPATH_SEARCH_PATHS = (
					"$(inherited)",
					"@executable_path/Frameworks",
					"@loader_path/Frameworks",
				);
				PRODUCT_BUNDLE_IDENTIFIER = com.fireball.browser.uitests;
				SDKROOT = iphoneos;
				TARGETED_DEVICE_FAMILY = "1,2";
				TEST_TARGET_NAME = FireballWebKit;
			};
			name = Debug;
		};
		F76CCFE4DE59F4806ADBE2B9 /* Release */ = {
			isa = XCBuildConfiguration;
			buildSettings = {
				ASSETCATALOG_COMPILER_APPICON_NAME = AppIcon;
				CODE_SIGNING_ALLOWED = YES;
				CODE_SIGN_ENTITLEMENTS = Config/FireballRelease.entitlements;
				CODE_SIGN_IDENTITY = "iPhone Developer";
				CODE_SIGN_STYLE = Automatic;
				CURRENT_PROJECT_VERSION = 1;
				FIREBALL_BLOCKER_MANIFEST_URL = "https://lamppkk.github.io/fireball-webkit/blocker/manifest-v1.json";
				FIREBALL_BLOCKER_UPDATES_ENABLED = YES;
				FIREBALL_CLOUDKIT_ENABLED = YES;
				GENERATE_INFOPLIST_FILE = NO;
				INFOPLIST_FILE = Config/Info.plist;
				LD_RUNPATH_SEARCH_PATHS = (
					"$(inherited)",
					"@executable_path/Frameworks",
				);
				MARKETING_VERSION = 0.1.0;
				PRODUCT_BUNDLE_IDENTIFIER = com.fireball.browser;
				SDKROOT = iphoneos;
				SUPPORTS_MACCATALYST = NO;
				TARGETED_DEVICE_FAMILY = "1,2";
			};
			name = Release;
		};
		F927EC3A9D359AED12FC1179 /* Release */ = {
			isa = XCBuildConfiguration;
			buildSettings = {
				BUNDLE_LOADER = "$(TEST_HOST)";
				CODE_SIGNING_ALLOWED = NO;
				GENERATE_INFOPLIST_FILE = YES;
				LD_RUNPATH_SEARCH_PATHS = (
					"$(inherited)",
					"@executable_path/Frameworks",
					"@loader_path/Frameworks",
				);
				PRODUCT_BUNDLE_IDENTIFIER = com.fireball.browser.tests;
				SDKROOT = iphoneos;
				TARGETED_DEVICE_FAMILY = "1,2";
				TEST_HOST = "$(BUILT_PRODUCTS_DIR)/FireballWebKit.app/FireballWebKit";
			};
			name = Release;
		};
/* End XCBuildConfiguration section */

/* Begin XCConfigurationList section */
		0AE7E111294791C9FF6E070E /* Build configuration list for PBXProject "FireballWebKit" */ = {
			isa = XCConfigurationList;
			buildConfigurations = (
				67826182D9380284AA98BFCE /* Debug */,
				92E5ED757F091FC4D180B0E6 /* Release */,
			);
			defaultConfigurationIsVisible = 0;
			defaultConfigurationName = Debug;
		};
		2D795F120D2C454F31019E22 /* Build configuration list for PBXNativeTarget "FireballWebKit" */ = {
			isa = XCConfigurationList;
			buildConfigurations = (
				874FFB24FCA6BD1B6B7F7CD2 /* Debug */,
				F76CCFE4DE59F4806ADBE2B9 /* Release */,
			);
			defaultConfigurationIsVisible = 0;
			defaultConfigurationName = Debug;
		};
		680423BEC53FB843EBAB1C41 /* Build configuration list for PBXNativeTarget "FireballWebKitUITests" */ = {
			isa = XCConfigurationList;
			buildConfigurations = (
				A3BF03D5EC48820660B4A943 /* Debug */,
				636917667486A4A8F8081524 /* Release */,
			);
			defaultConfigurationIsVisible = 0;
			defaultConfigurationName = Debug;
		};
		E078A9E8F649C5A36E17EC4B /* Build configuration list for PBXNativeTarget "FireballWebKitTests" */ = {
			isa = XCConfigurationList;
			buildConfigurations = (
				68301AE7159DB5E77D3D0BCD /* Debug */,
				F927EC3A9D359AED12FC1179 /* Release */,
			);
			defaultConfigurationIsVisible = 0;
			defaultConfigurationName = Debug;
		};
/* End XCConfigurationList section */
	};
	rootObject = E6D4126143DEEE33695A9A31 /* Project object */;
}
